
Microsoft Visual Studio Solution File, Format Version 12.00
Project("{FAE04EC0-301F-11D3-BF4B-00C04F79EFBC}") = "DocumentDivider", "DocumentDivider\DocumentDivider.csproj", "{EA6F3EB9-7BED-46B2-92E0-8A85BE623BEC}"
EndProject
Global
	GlobalSection(SolutionConfigurationPlatforms) = preSolution
		Debug|Any CPU = Debug|Any CPU
		Release|Any CPU = Release|Any CPU
	EndGlobalSection
	GlobalSection(ProjectConfigurationPlatforms) = postSolution
		{EA6F3EB9-7BED-46B2-92E0-8A85BE623BEC}.Debug|Any CPU.ActiveCfg = Debug|Any CPU
		{EA6F3EB9-7BED-46B2-92E0-8A85BE623BEC}.Debug|Any CPU.Build.0 = Debug|Any CPU
		{EA6F3EB9-7BED-46B2-92E0-8A85BE623BEC}.Release|Any CPU.ActiveCfg = Release|Any CPU
		{EA6F3EB9-7BED-46B2-92E0-8A85BE623BEC}.Release|Any CPU.Build.0 = Release|Any CPU
	EndGlobalSection
EndGlobal
